// !$*UTF8*$!
{
	archiveVersion = 1;
	classes = {
	};
	objectVersion = 60;
	objects = {

/* Begin PBXBuildFile section */
		522444272C52E2AC005583A4 /* Palette.swift in Sources */ = {isa = PBXBuildFile; fileRef = 522444262C52E2AC005583A4 /* Palette.swift */; };
		522444292C52E3CF005583A4 /* PaletteStore.swift in Sources */ = {isa = PBXBuildFile; fileRef = 522444282C52E3CF005583A4 /* PaletteStore.swift */; };
		5224442B2C52E6D7005583A4 /* PaletteChooser.swift in Sources */ = {isa = PBXBuildFile; fileRef = 5224442A2C52E6D7005583A4 /* PaletteChooser.swift */; };
		522877142C5246270017DFD6 /* Sturldata.swift in Sources */ = {isa = PBXBuildFile; fileRef = 522877132C5246270017DFD6 /* Sturldata.swift */; };
		52E312B42C55876000B7E918 /* PaletteEditor.swift in Sources */ = {isa = PBXBuildFile; fileRef = 52E312B32C55876000B7E918 /* PaletteEditor.swift */; };
		52E312B62C5594FE00B7E918 /* PaletteList.swift in Sources */ = {isa = PBXBuildFile; fileRef = 52E312B52C5594FE00B7E918 /* PaletteList.swift */; };
		52EB46D52C4DA0CC00B14BBC /* Emoji_ArtApp.swift in Sources */ = {isa = PBXBuildFile; fileRef = 52EB46D42C4DA0CC00B14BBC /* Emoji_ArtApp.swift */; };
		52EB46D72C4DA0CC00B14BBC /* ContentView.swift in Sources */ = {isa = PBXBuildFile; fileRef = 52EB46D62C4DA0CC00B14BBC /* ContentView.swift */; };
		52EB46D92C4DA0D200B14BBC /* Assets.xcassets in Resources */ = {isa = PBXBuildFile; fileRef = 52EB46D82C4DA0D200B14BBC /* Assets.xcassets */; };
		52EB46DC2C4DA0D200B14BBC /* Preview Assets.xcassets in Resources */ = {isa = PBXBuildFile; fileRef = 52EB46DB2C4DA0D200B14BBC /* Preview Assets.xcassets */; };
		52EB46E62C4DA0D300B14BBC /* Emoji_ArtTests.swift in Sources */ = {isa = PBXBuildFile; fileRef = 52EB46E52C4DA0D300B14BBC /* Emoji_ArtTests.swift */; };
		52EB46F02C4DA0D300B14BBC /* Emoji_ArtUITests.swift in Sources */ = {isa = PBXBuildFile; fileRef = 52EB46EF2C4DA0D300B14BBC /* Emoji_ArtUITests.swift */; };
		52EB46F22C4DA0D300B14BBC /* Emoji_ArtUITestsLaunchTests.swift in Sources */ = {isa = PBXBuildFile; fileRef = 52EB46F12C4DA0D300B14BBC /* Emoji_ArtUITestsLaunchTests.swift */; };
		52EB46FF2C4DA2F800B14BBC /* EmojiArt.swift in Sources */ = {isa = PBXBuildFile; fileRef = 52EB46FE2C4DA2F800B14BBC /* EmojiArt.swift */; };
		52EB47012C4DA4A500B14BBC /* EmojiArtDocument.swift in Sources */ = {isa = PBXBuildFile; fileRef = 52EB47002C4DA4A500B14BBC /* EmojiArtDocument.swift */; };
		52EB47032C4DA7BA00B14BBC /* EmojiArtDocumentView.swift in Sources */ = {isa = PBXBuildFile; fileRef = 52EB47022C4DA7BA00B14BBC /* EmojiArtDocumentView.swift */; };
		52EB47052C4DA9B400B14BBC /* Extensions.swift in Sources */ = {isa = PBXBuildFile; fileRef = 52EB47042C4DA9B400B14BBC /* Extensions.swift */; };
		52F148E22C559C84004DC3DC /* PaletteManager.swift in Sources */ = {isa = PBXBuildFile; fileRef = 52F148E12C559C84004DC3DC /* PaletteManager.swift */; };
/* End PBXBuildFile section */

/* Begin PBXContainerItemProxy section */
		52EB46E22C4DA0D300B14BBC /* PBXContainerItemProxy */ = {
			isa = PBXContainerItemProxy;
			containerPortal = 52EB46C92C4DA0CC00B14BBC /* Project object */;
			proxyType = 1;
			remoteGlobalIDString = 52EB46D02C4DA0CC00B14BBC;
			remoteInfo = "Emoji Art";
		};
		52EB46EC2C4DA0D300B14BBC /* PBXContainerItemProxy */ = {
			isa = PBXContainerItemProxy;
			containerPortal = 52EB46C92C4DA0CC00B14BBC /* Project object */;
			proxyType = 1;
			remoteGlobalIDString = 52EB46D02C4DA0CC00B14BBC;
			remoteInfo = "Emoji Art";
		};
/* End PBXContainerItemProxy section */

/* Begin PBXFileReference section */
		522444262C52E2AC005583A4 /* Palette.swift */ = {isa = PBXFileReference; lastKnownFileType = sourcecode.swift; path = Palette.swift; sourceTree = "<group>"; };
		522444282C52E3CF005583A4 /* PaletteStore.swift */ = {isa = PBXFileReference; lastKnownFileType = sourcecode.swift; path = PaletteStore.swift; sourceTree = "<group>"; };
		5224442A2C52E6D7005583A4 /* PaletteChooser.swift */ = {isa = PBXFileReference; lastKnownFileType = sourcecode.swift; path = PaletteChooser.swift; sourceTree = "<group>"; };
		522877132C5246270017DFD6 /* Sturldata.swift */ = {isa = PBXFileReference; lastKnownFileType = sourcecode.swift; path = Sturldata.swift; sourceTree = "<group>"; };
		52490F082C5ACE17004ADEBF /* Emoji-Art-Info.plist */ = {isa = PBXFileReference; lastKnownFileType = text.plist; path = "Emoji-Art-Info.plist"; sourceTree = SOURCE_ROOT; };
		52E312B32C55876000B7E918 /* PaletteEditor.swift */ = {isa = PBXFileReference; lastKnownFileType = sourcecode.swift; path = PaletteEditor.swift; sourceTree = SOURCE_ROOT; };
		52E312B52C5594FE00B7E918 /* PaletteList.swift */ = {isa = PBXFileReference; lastKnownFileType = sourcecode.swift; path = PaletteList.swift; sourceTree = "<group>"; };
		52EB46D12C4DA0CC00B14BBC /* Emoji Art.app */ = {isa = PBXFileReference; explicitFileType = wrapper.application; includeInIndex = 0; path = "Emoji Art.app"; sourceTree = BUILT_PRODUCTS_DIR; };
		52EB46D42C4DA0CC00B14BBC /* Emoji_ArtApp.swift */ = {isa = PBXFileReference; lastKnownFileType = sourcecode.swift; path = Emoji_ArtApp.swift; sourceTree = "<group>"; };
		52EB46D62C4DA0CC00B14BBC /* ContentView.swift */ = {isa = PBXFileReference; lastKnownFileType = sourcecode.swift; path = ContentView.swift; sourceTree = "<group>"; };
		52EB46D82C4DA0D200B14BBC /* Assets.xcassets */ = {isa = PBXFileReference; lastKnownFileType = folder.assetcatalog; path = Assets.xcassets; sourceTree = "<group>"; };
		52EB46DB2C4DA0D200B14BBC /* Preview Assets.xcassets */ = {isa = PBXFileReference; lastKnownFileType = folder.assetcatalog; path = "Preview Assets.xcassets"; sourceTree = "<group>"; };
		52EB46E12C4DA0D300B14BBC /* Emoji ArtTests.xctest */ = {isa = PBXFileReference; explicitFileType = wrapper.cfbundle; includeInIndex = 0; path = "Emoji ArtTests.xctest"; sourceTree = BUILT_PRODUCTS_DIR; };
		52EB46E52C4DA0D300B14BBC /* Emoji_ArtTests.swift */ = {isa = PBXFileReference; lastKnownFileType = sourcecode.swift; path = Emoji_ArtTests.swift; sourceTree = "<group>"; };
		52EB46EB2C4DA0D300B14BBC /* Emoji ArtUITests.xctest */ = {isa = PBXFileReference; explicitFileType = wrapper.cfbundle; includeInIndex = 0; path = "Emoji ArtUITests.xctest"; sourceTree = BUILT_PRODUCTS_DIR; };
		52EB46EF2C4DA0D300B14BBC /* Emoji_ArtUITests.swift */ = {isa = PBXFileReference; lastKnownFileType = sourcecode.swift; path = Emoji_ArtUITests.swift; sourceTree = "<group>"; };
		52EB46F12C4DA0D300B14BBC /* Emoji_ArtUITestsLaunchTests.swift */ = {isa = PBXFileReference; lastKnownFileType = sourcecode.swift; path = Emoji_ArtUITestsLaunchTests.swift; sourceTree = "<group>"; };
		52EB46FE2C4DA2F800B14BBC /* EmojiArt.swift */ = {isa = PBXFileReference; lastKnownFileType = sourcecode.swift; path = EmojiArt.swift; sourceTree = "<group>"; };
		52EB47002C4DA4A500B14BBC /* EmojiArtDocument.swift */ = {isa = PBXFileReference; lastKnownFileType = sourcecode.swift; path = EmojiArtDocument.swift; sourceTree = "<group>"; };
		52EB47022C4DA7BA00B14BBC /* EmojiArtDocumentView.swift */ = {isa = PBXFileReference; lastKnownFileType = sourcecode.swift; path = EmojiArtDocumentView.swift; sourceTree = "<group>"; };
		52EB47042C4DA9B400B14BBC /* Extensions.swift */ = {isa = PBXFileReference; lastKnownFileType = sourcecode.swift; path = Extensions.swift; sourceTree = "<group>"; };
		52F148E12C559C84004DC3DC /* PaletteManager.swift */ = {isa = PBXFileReference; lastKnownFileType = sourcecode.swift; path = PaletteManager.swift; sourceTree = "<group>"; };
/* End PBXFileReference section */

/* Begin PBXFrameworksBuildPhase section */
		52EB46CE2C4DA0CC00B14BBC /* Frameworks */ = {
			isa = PBXFrameworksBuildPhase;
			buildActionMask = 2147483647;
			files = (
			);
			runOnlyForDeploymentPostprocessing = 0;
		};
		52EB46DE2C4DA0D300B14BBC /* Frameworks */ = {
			isa = PBXFrameworksBuildPhase;
			buildActionMask = 2147483647;
			files = (
			);
			runOnlyForDeploymentPostprocessing = 0;
		};
		52EB46E82C4DA0D300B14BBC /* Frameworks */ = {
			isa = PBXFrameworksBuildPhase;
			buildActionMask = 2147483647;
			files = (
			);
			runOnlyForDeploymentPostprocessing = 0;
		};
/* End PBXFrameworksBuildPhase section */

/* Begin PBXGroup section */
		52EB46C82C4DA0CC00B14BBC = {
			isa = PBXGroup;
			children = (
				52EB46D32C4DA0CC00B14BBC /* Emoji Art */,
				52EB46E42C4DA0D300B14BBC /* Emoji ArtTests */,
				52EB46EE2C4DA0D300B14BBC /* Emoji ArtUITests */,
				52EB46D22C4DA0CC00B14BBC /* Products */,
			);
			sourceTree = "<group>";
		};
		52EB46D22C4DA0CC00B14BBC /* Products */ = {
			isa = PBXGroup;
			children = (
				52EB46D12C4DA0CC00B14BBC /* Emoji Art.app */,
				52EB46E12C4DA0D300B14BBC /* Emoji ArtTests.xctest */,
				52EB46EB2C4DA0D300B14BBC /* Emoji ArtUITests.xctest */,
			);
			name = Products;
			sourceTree = "<group>";
		};
		52EB46D32C4DA0CC00B14BBC /* Emoji Art */ = {
			isa = PBXGroup;
			children = (
				52490F082C5ACE17004ADEBF /* Emoji-Art-Info.plist */,
				52E312B32C55876000B7E918 /* PaletteEditor.swift */,
				522444262C52E2AC005583A4 /* Palette.swift */,
				52EB46D42C4DA0CC00B14BBC /* Emoji_ArtApp.swift */,
				52EB46D62C4DA0CC00B14BBC /* ContentView.swift */,
				52EB46FE2C4DA2F800B14BBC /* EmojiArt.swift */,
				52EB47002C4DA4A500B14BBC /* EmojiArtDocument.swift */,
				52EB47022C4DA7BA00B14BBC /* EmojiArtDocumentView.swift */,
				5224442A2C52E6D7005583A4 /* PaletteChooser.swift */,
				52E312B52C5594FE00B7E918 /* PaletteList.swift */,
				52F148E12C559C84004DC3DC /* PaletteManager.swift */,
				522444282C52E3CF005583A4 /* PaletteStore.swift */,
				52EB47042C4DA9B400B14BBC /* Extensions.swift */,
				522877132C5246270017DFD6 /* Sturldata.swift */,
				52EB46D82C4DA0D200B14BBC /* Assets.xcassets */,
				52EB46DA2C4DA0D200B14BBC /* Preview Content */,
			);
			path = "Emoji Art";
			sourceTree = "<group>";
		};
		52EB46DA2C4DA0D200B14BBC /* Preview Content */ = {
			isa = PBXGroup;
			children = (
				52EB46DB2C4DA0D200B14BBC /* Preview Assets.xcassets */,
			);
			path = "Preview Content";
			sourceTree = "<group>";
		};
		52EB46E42C4DA0D300B14BBC /* Emoji ArtTests */ = {
			isa = PBXGroup;
			children = (
				52EB46E52C4DA0D300B14BBC /* Emoji_ArtTests.swift */,
			);
			path = "Emoji ArtTests";
			sourceTree = "<group>";
		};
		52EB46EE2C4DA0D300B14BBC /* Emoji ArtUITests */ = {
			isa = PBXGroup;
			children = (
				52EB46EF2C4DA0D300B14BBC /* Emoji_ArtUITests.swift */,
				52EB46F12C4DA0D300B14BBC /* Emoji_ArtUITestsLaunchTests.swift */,
			);
			path = "Emoji ArtUITests";
			sourceTree = "<group>";
		};
/* End PBXGroup section */

/* Begin PBXNativeTarget section */
		52EB46D02C4DA0CC00B14BBC /* Emoji Art */ = {
			isa = PBXNativeTarget;
			buildConfigurationList = 52EB46F52C4DA0D300B14BBC /* Build configuration list for PBXNativeTarget "Emoji Art" */;
			buildPhases = (
				52EB46CD2C4DA0CC00B14BBC /* Sources */,
				52EB46CE2C4DA0CC00B14BBC /* Frameworks */,
				52EB46CF2C4DA0CC00B14BBC /* Resources */,
			);
			buildRules = (
			);
			dependencies = (
			);
			name = "Emoji Art";
			productName = "Emoji Art";
			productReference = 52EB46D12C4DA0CC00B14BBC /* Emoji Art.app */;
			productType = "com.apple.product-type.application";
		};
		52EB46E02C4DA0D300B14BBC /* Emoji ArtTests */ = {
			isa = PBXNativeTarget;
			buildConfigurationList = 52EB46F82C4DA0D300B14BBC /* Build configuration list for PBXNativeTarget "Emoji ArtTests" */;
			buildPhases = (
				52EB46DD2C4DA0D300B14BBC /* Sources */,
				52EB46DE2C4DA0D300B14BBC /* Frameworks */,
				52EB46DF2C4DA0D300B14BBC /* Resources */,
			);
			buildRules = (
			);
			dependencies = (
				52EB46E32C4DA0D300B14BBC /* PBXTargetDependency */,
			);
			name = "Emoji ArtTests";
			productName = "Emoji ArtTests";
			productReference = 52EB46E12C4DA0D300B14BBC /* Emoji ArtTests.xctest */;
			productType = "com.apple.product-type.bundle.unit-test";
		};
		52EB46EA2C4DA0D300B14BBC /* Emoji ArtUITests */ = {
			isa = PBXNativeTarget;
			buildConfigurationList = 52EB46FB2C4DA0D300B14BBC /* Build configuration list for PBXNativeTarget "Emoji ArtUITests" */;
			buildPhases = (
				52EB46E72C4DA0D300B14BBC /* Sources */,
				52EB46E82C4DA0D300B14BBC /* Frameworks */,
				52EB46E92C4DA0D300B14BBC /* Resources */,
			);
			buildRules = (
			);
			dependencies = (
				52EB46ED2C4DA0D300B14BBC /* PBXTargetDependency */,
			);
			name = "Emoji ArtUITests";
			productName = "Emoji ArtUITests";
			productReference = 52EB46EB2C4DA0D300B14BBC /* Emoji ArtUITests.xctest */;
			productType = "com.apple.product-type.bundle.ui-testing";
		};
/* End PBXNativeTarget section */

/* Begin PBXProject section */
		52EB46C92C4DA0CC00B14BBC /* Project object */ = {
			isa = PBXProject;
			attributes = {
				BuildIndependentTargetsInParallel = 1;
				LastSwiftUpdateCheck = 1600;
				LastUpgradeCheck = 1600;
				TargetAttributes = {
					52EB46D02C4DA0CC00B14BBC = {
						CreatedOnToolsVersion = 16.0;
					};
					52EB46E02C4DA0D300B14BBC = {
						CreatedOnToolsVersion = 16.0;
						TestTargetID = 52EB46D02C4DA0CC00B14BBC;
					};
					52EB46EA2C4DA0D300B14BBC = {
						CreatedOnToolsVersion = 16.0;
						TestTargetID = 52EB46D02C4DA0CC00B14BBC;
					};
				};
			};
			buildConfigurationList = 52EB46CC2C4DA0CC00B14BBC /* Build configuration list for PBXProject "Emoji Art" */;
			compatibilityVersion = "Xcode 15.0";
			developmentRegion = en;
			hasScannedForEncodings = 0;
			knownRegions = (
				en,
				Base,
			);
			mainGroup = 52EB46C82C4DA0CC00B14BBC;
			productRefGroup = 52EB46D22C4DA0CC00B14BBC /* Products */;
			projectDirPath = "";
			projectRoot = "";
			targets = (
				52EB46D02C4DA0CC00B14BBC /* Emoji Art */,
				52EB46E02C4DA0D300B14BBC /* Emoji ArtTests */,
				52EB46EA2C4DA0D300B14BBC /* Emoji ArtUITests */,
			);
		};
/* End PBXProject section */

/* Begin PBXResourcesBuildPhase section */
		52EB46CF2C4DA0CC00B14BBC /* Resources */ = {
			isa = PBXResourcesBuildPhase;
			buildActionMask = 2147483647;
			files = (
				52EB46DC2C4DA0D200B14BBC /* Preview Assets.xcassets in Resources */,
				52EB46D92C4DA0D200B14BBC /* Assets.xcassets in Resources */,
			);
			runOnlyForDeploymentPostprocessing = 0;
		};
		52EB46DF2C4DA0D300B14BBC /* Resources */ = {
			isa = PBXResourcesBuildPhase;
			buildActionMask = 2147483647;
			files = (
			);
			runOnlyForDeploymentPostprocessing = 0;
		};
		52EB46E92C4DA0D300B14BBC /* Resources */ = {
			isa = PBXResourcesBuildPhase;
			buildActionMask = 2147483647;
			files = (
			);
			runOnlyForDeploymentPostprocessing = 0;
		};
/* End PBXResourcesBuildPhase section */

/* Begin PBXSourcesBuildPhase section */
		52EB46CD2C4DA0CC00B14BBC /* Sources */ = {
			isa = PBXSourcesBuildPhase;
			buildActionMask = 2147483647;
			files = (
				52F148E22C559C84004DC3DC /* PaletteManager.swift in Sources */,
				522877142C5246270017DFD6 /* Sturldata.swift in Sources */,
				52EB47032C4DA7BA00B14BBC /* EmojiArtDocumentView.swift in Sources */,
				52EB47052C4DA9B400B14BBC /* Extensions.swift in Sources */,
				52E312B62C5594FE00B7E918 /* PaletteList.swift in Sources */,
				52EB46FF2C4DA2F800B14BBC /* EmojiArt.swift in Sources */,
				522444292C52E3CF005583A4 /* PaletteStore.swift in Sources */,
				52EB46D72C4DA0CC00B14BBC /* ContentView.swift in Sources */,
				52E312B42C55876000B7E918 /* PaletteEditor.swift in Sources */,
				52EB46D52C4DA0CC00B14BBC /* Emoji_ArtApp.swift in Sources */,
				52EB47012C4DA4A500B14BBC /* EmojiArtDocument.swift in Sources */,
				522444272C52E2AC005583A4 /* Palette.swift in Sources */,
				5224442B2C52E6D7005583A4 /* PaletteChooser.swift in Sources */,
			);
			runOnlyForDeploymentPostprocessing = 0;
		};
		52EB46DD2C4DA0D300B14BBC /* Sources */ = {
			isa = PBXSourcesBuildPhase;
			buildActionMask = 2147483647;
			files = (
				52EB46E62C4DA0D300B14BBC /* Emoji_ArtTests.swift in Sources */,
			);
			runOnlyForDeploymentPostprocessing = 0;
		};
		52EB46E72C4DA0D300B14BBC /* Sources */ = {
			isa = PBXSourcesBuildPhase;
			buildActionMask = 2147483647;
			files = (
				52EB46F02C4DA0D300B14BBC /* Emoji_ArtUITests.swift in Sources */,
				52EB46F22C4DA0D300B14BBC /* Emoji_ArtUITestsLaunchTests.swift in Sources */,
			);
			runOnlyForDeploymentPostprocessing = 0;
		};
/* End PBXSourcesBuildPhase section */

/* Begin PBXTargetDependency section */
		52EB46E32C4DA0D300B14BBC /* PBXTargetDependency */ = {
			isa = PBXTargetDependency;
			target = 52EB46D02C4DA0CC00B14BBC /* Emoji Art */;
			targetProxy = 52EB46E22C4DA0D300B14BBC /* PBXContainerItemProxy */;
		};
		52EB46ED2C4DA0D300B14BBC /* PBXTargetDependency */ = {
			isa = PBXTargetDependency;
			target = 52EB46D02C4DA0CC00B14BBC /* Emoji Art */;
			targetProxy = 52EB46EC2C4DA0D300B14BBC /* PBXContainerItemProxy */;
		};
/* End PBXTargetDependency section */

/* Begin XCBuildConfiguration section */
		52EB46F32C4DA0D300B14BBC /* Debug */ = {
			isa = XCBuildConfiguration;
			buildSettings = {
				ALWAYS_SEARCH_USER_PATHS = NO;
				ASSETCATALOG_COMPILER_GENERATE_SWIFT_ASSET_SYMBOL_EXTENSIONS = YES;
				CLANG_ANALYZER_NONNULL = YES;
				CLANG_ANALYZER_NUMBER_OBJECT_CONVERSION = YES_AGGRESSIVE;
				CLANG_CXX_LANGUAGE_STANDARD = "gnu++20";
				CLANG_ENABLE_MODULES = YES;
				CLANG_ENABLE_OBJC_ARC = YES;
				CLANG_ENABLE_OBJC_WEAK = YES;
				CLANG_WARN_BLOCK_CAPTURE_AUTORELEASING = YES;
				CLANG_WARN_BOOL_CONVERSION = YES;
				CLANG_WARN_COMMA = YES;
				CLANG_WARN_CONSTANT_CONVERSION = YES;
				CLANG_WARN_DEPRECATED_OBJC_IMPLEMENTATIONS = YES;
				CLANG_WARN_DIRECT_OBJC_ISA_USAGE = YES_ERROR;
				CLANG_WARN_DOCUMENTATION_COMMENTS = YES;
				CLANG_WARN_EMPTY_BODY = YES;
				CLANG_WARN_ENUM_CONVERSION = YES;
				CLANG_WARN_INFINITE_RECURSION = YES;
				CLANG_WARN_INT_CONVERSION = YES;
				CLANG_WARN_NON_LITERAL_NULL_CONVERSION = YES;
				CLANG_WARN_OBJC_IMPLICIT_RETAIN_SELF = YES;
				CLANG_WARN_OBJC_LITERAL_CONVERSION = YES;
				CLANG_WARN_OBJC_ROOT_CLASS = YES_ERROR;
				CLANG_WARN_QUOTED_INCLUDE_IN_FRAMEWORK_HEADER = YES;
				CLANG_WARN_RANGE_LOOP_ANALYSIS = YES;
				CLANG_WARN_STRICT_PROTOTYPES = YES;
				CLANG_WARN_SUSPICIOUS_MOVE = YES;
				CLANG_WARN_UNGUARDED_AVAILABILITY = YES_AGGRESSIVE;
				CLANG_WARN_UNREACHABLE_CODE = YES;
				CLANG_WARN__DUPLICATE_METHOD_MATCH = YES;
				COPY_PHASE_STRIP = NO;
				DEBUG_INFORMATION_FORMAT = dwarf;
				ENABLE_STRICT_OBJC_MSGSEND = YES;
				ENABLE_TESTABILITY = YES;
				ENABLE_USER_SCRIPT_SANDBOXING = YES;
				GCC_C_LANGUAGE_STANDARD = gnu17;
				GCC_DYNAMIC_NO_PIC = NO;
				GCC_NO_COMMON_BLOCKS = YES;
				GCC_OPTIMIZATION_LEVEL = 0;
				GCC_PREPROCESSOR_DEFINITIONS = (
					"DEBUG=1",
					"$(inherited)",
				);
				GCC_WARN_64_TO_32_BIT_CONVERSION = YES;
				GCC_WARN_ABOUT_RETURN_TYPE = YES_ERROR;
				GCC_WARN_UNDECLARED_SELECTOR = YES;
				GCC_WARN_UNINITIALIZED_AUTOS = YES_AGGRESSIVE;
				GCC_WARN_UNUSED_FUNCTION = YES;
				GCC_WARN_UNUSED_VARIABLE = YES;
				IPHONEOS_DEPLOYMENT_TARGET = 18.0;
				LOCALIZATION_PREFERS_STRING_CATALOGS = YES;
				MTL_ENABLE_DEBUG_INFO = INCLUDE_SOURCE;
				MTL_FAST_MATH = YES;
				ONLY_ACTIVE_ARCH = YES;
				SDKROOT = iphoneos;
				SWIFT_ACTIVE_COMPILATION_CONDITIONS = "DEBUG $(inherited)";
				SWIFT_OPTIMIZATION_LEVEL = "-Onone";
			};
			name = Debug;
		};
		52EB46F42C4DA0D300B14BBC /* Release */ = {
			isa = XCBuildConfiguration;
			buildSettings = {
				ALWAYS_SEARCH_USER_PATHS = NO;
				ASSETCATALOG_COMPILER_GENERATE_SWIFT_ASSET_SYMBOL_EXTENSIONS = YES;
				CLANG_ANALYZER_NONNULL = YES;
				CLANG_ANALYZER_NUMBER_OBJECT_CONVERSION = YES_AGGRESSIVE;
				CLANG_CXX_LANGUAGE_STANDARD = "gnu++20";
				CLANG_ENABLE_MODULES = YES;
				CLANG_ENABLE_OBJC_ARC = YES;
				CLANG_ENABLE_OBJC_WEAK = YES;
				CLANG_WARN_BLOCK_CAPTURE_AUTORELEASING = YES;
				CLANG_WARN_BOOL_CONVERSION = YES;
				CLANG_WARN_COMMA = YES;
				CLANG_WARN_CONSTANT_CONVERSION = YES;
				CLANG_WARN_DEPRECATED_OBJC_IMPLEMENTATIONS = YES;
				CLANG_WARN_DIRECT_OBJC_ISA_USAGE = YES_ERROR;
				CLANG_WARN_DOCUMENTATION_COMMENTS = YES;
				CLANG_WARN_EMPTY_BODY = YES;
				CLANG_WARN_ENUM_CONVERSION = YES;
				CLANG_WARN_INFINITE_RECURSION = YES;
				CLANG_WARN_INT_CONVERSION = YES;
				CLANG_WARN_NON_LITERAL_NULL_CONVERSION = YES;
				CLANG_WARN_OBJC_IMPLICIT_RETAIN_SELF = YES;
				CLANG_WARN_OBJC_LITERAL_CONVERSION = YES;
				CLANG_WARN_OBJC_ROOT_CLASS = YES_ERROR;
				CLANG_WARN_QUOTED_INCLUDE_IN_FRAMEWORK_HEADER = YES;
				CLANG_WARN_RANGE_LOOP_ANALYSIS = YES;
				CLANG_WARN_STRICT_PROTOTYPES = YES;
				CLANG_WARN_SUSPICIOUS_MOVE = YES;
				CLANG_WARN_UNGUARDED_AVAILABILITY = YES_AGGRESSIVE;
				CLANG_WARN_UNREACHABLE_CODE = YES;
				CLANG_WARN__DUPLICATE_METHOD_MATCH = YES;
				COPY_PHASE_STRIP = NO;
				DEBUG_INFORMATION_FORMAT = "dwarf-with-dsym";
				ENABLE_NS_ASSERTIONS = NO;
				ENABLE_STRICT_OBJC_MSGSEND = YES;
				ENABLE_USER_SCRIPT_SANDBOXING = YES;
				GCC_C_LANGUAGE_STANDARD = gnu17;
				GCC_NO_COMMON_BLOCKS = YES;
				GCC_WARN_64_TO_32_BIT_CONVERSION = YES;
				GCC_WARN_ABOUT_RETURN_TYPE = YES_ERROR;
				GCC_WARN_UNDECLARED_SELECTOR = YES;
				GCC_WARN_UNINITIALIZED_AUTOS = YES_AGGRESSIVE;
				GCC_WARN_UNUSED_FUNCTION = YES;
				GCC_WARN_UNUSED_VARIABLE = YES;
				IPHONEOS_DEPLOYMENT_TARGET = 18.0;
				LOCALIZATION_PREFERS_STRING_CATALOGS = YES;
				MTL_ENABLE_DEBUG_INFO = NO;
				MTL_FAST_MATH = YES;
				SDKROOT = iphoneos;
				SWIFT_COMPILATION_MODE = wholemodule;
				VALIDATE_PRODUCT = YES;
			};
			name = Release;
		};
		52EB46F62C4DA0D300B14BBC /* Debug */ = {
			isa = XCBuildConfiguration;
			buildSettings = {
				ASSETCATALOG_COMPILER_APPICON_NAME = AppIcon;
				ASSETCATALOG_COMPILER_GLOBAL_ACCENT_COLOR_NAME = AccentColor;
				CODE_SIGN_STYLE = Automatic;
				CURRENT_PROJECT_VERSION = 1;
				DEVELOPMENT_ASSET_PATHS = "\"Emoji Art/Preview Content\"";
				DEVELOPMENT_TEAM = 478X6J68M6;
				ENABLE_PREVIEWS = YES;
				GENERATE_INFOPLIST_FILE = YES;
				INFOPLIST_FILE = "Emoji-Art-Info.plist";
				INFOPLIST_KEY_UIApplicationSceneManifest_Generation = YES;
				INFOPLIST_KEY_UIApplicationSupportsIndirectInputEvents = YES;
				INFOPLIST_KEY_UILaunchScreen_Generation = YES;
				INFOPLIST_KEY_UISupportedInterfaceOrientations_iPad = "UIInterfaceOrientationPortrait UIInterfaceOrientationPortraitUpsideDown UIInterfaceOrientationLandscapeLeft UIInterfaceOrientationLandscapeRight";
				INFOPLIST_KEY_UISupportedInterfaceOrientations_iPhone = "UIInterfaceOrientationPortrait UIInterfaceOrientationLandscapeLeft UIInterfaceOrientationLandscapeRight";
				INFOPLIST_KEY_UISupportsDocumentBrowser = YES;
				LD_RUNPATH_SEARCH_PATHS = (
					"$(inherited)",
					"@executable_path/Frameworks",
				);
				MARKETING_VERSION = 1.0;
				PRODUCT_BUNDLE_IDENTIFIER = "StanfordCourse.Emoji-Art";
				PRODUCT_NAME = "$(TARGET_NAME)";
				SWIFT_EMIT_LOC_STRINGS = YES;
				SWIFT_VERSION = 5.0;
				TARGETED_DEVICE_FAMILY = "1,2";
			};
			name = Debug;
		};
		52EB46F72C4DA0D300B14BBC /* Release */ = {
			isa = XCBuildConfiguration;
			buildSettings = {
				ASSETCATALOG_COMPILER_APPICON_NAME = AppIcon;
				ASSETCATALOG_COMPILER_GLOBAL_ACCENT_COLOR_NAME = AccentColor;
				CODE_SIGN_STYLE = Automatic;
				CURRENT_PROJECT_VERSION = 1;
				DEVELOPMENT_ASSET_PATHS = "\"Emoji Art/Preview Content\"";
				DEVELOPMENT_TEAM = 478X6J68M6;
				ENABLE_PREVIEWS = YES;
				GENERATE_INFOPLIST_FILE = YES;
				INFOPLIST_FILE = "Emoji-Art-Info.plist";
				INFOPLIST_KEY_UIApplicationSceneManifest_Generation = YES;
				INFOPLIST_KEY_UIApplicationSupportsIndirectInputEvents = YES;
				INFOPLIST_KEY_UILaunchScreen_Generation = YES;
				INFOPLIST_KEY_UISupportedInterfaceOrientations_iPad = "UIInterfaceOrientationPortrait UIInterfaceOrientationPortraitUpsideDown UIInterfaceOrientationLandscapeLeft UIInterfaceOrientationLandscapeRight";
				INFOPLIST_KEY_UISupportedInterfaceOrientations_iPhone = "UIInterfaceOrientationPortrait UIInterfaceOrientationLandscapeLeft UIInterfaceOrientationLandscapeRight";
				INFOPLIST_KEY_UISupportsDocumentBrowser = YES;
				LD_RUNPATH_SEARCH_PATHS = (
					"$(inherited)",
					"@executable_path/Frameworks",
				);
				MARKETING_VERSION = 1.0;
				PRODUCT_BUNDLE_IDENTIFIER = "StanfordCourse.Emoji-Art";
				PRODUCT_NAME = "$(TARGET_NAME)";
				SWIFT_EMIT_LOC_STRINGS = YES;
				SWIFT_VERSION = 5.0;
				TARGETED_DEVICE_FAMILY = "1,2";
			};
			name = Release;
		};
		52EB46F92C4DA0D300B14BBC /* Debug */ = {
			isa = XCBuildConfiguration;
			buildSettings = {
				BUNDLE_LOADER = "$(TEST_HOST)";
				CODE_SIGN_STYLE = Automatic;
				CURRENT_PROJECT_VERSION = 1;
				GENERATE_INFOPLIST_FILE = YES;
				IPHONEOS_DEPLOYMENT_TARGET = 18.0;
				MARKETING_VERSION = 1.0;
				PRODUCT_BUNDLE_IDENTIFIER = "StanfordCourse.Emoji-ArtTests";
				PRODUCT_NAME = "$(TARGET_NAME)";
				SWIFT_EMIT_LOC_STRINGS = NO;
				SWIFT_VERSION = 5.0;
				TARGETED_DEVICE_FAMILY = "1,2";
				TEST_HOST = "$(BUILT_PRODUCTS_DIR)/Emoji Art.app/$(BUNDLE_EXECUTABLE_FOLDER_PATH)/Emoji Art";
			};
			name = Debug;
		};
		52EB46FA2C4DA0D300B14BBC /* Release */ = {
			isa = XCBuildConfiguration;
			buildSettings = {
				BUNDLE_LOADER = "$(TEST_HOST)";
				CODE_SIGN_STYLE = Automatic;
				CURRENT_PROJECT_VERSION = 1;
				GENERATE_INFOPLIST_FILE = YES;
				IPHONEOS_DEPLOYMENT_TARGET = 18.0;
				MARKETING_VERSION = 1.0;
				PRODUCT_BUNDLE_IDENTIFIER = "StanfordCourse.Emoji-ArtTests";
				PRODUCT_NAME = "$(TARGET_NAME)";
				SWIFT_EMIT_LOC_STRINGS = NO;
				SWIFT_VERSION = 5.0;
				TARGETED_DEVICE_FAMILY = "1,2";
				TEST_HOST = "$(BUILT_PRODUCTS_DIR)/Emoji Art.app/$(BUNDLE_EXECUTABLE_FOLDER_PATH)/Emoji Art";
			};
			name = Release;
		};
		52EB46FC2C4DA0D300B14BBC /* Debug */ = {
			isa = XCBuildConfiguration;
			buildSettings = {
				CODE_SIGN_STYLE = Automatic;
				CURRENT_PROJECT_VERSION = 1;
				GENERATE_INFOPLIST_FILE = YES;
				MARKETING_VERSION = 1.0;
				PRODUCT_BUNDLE_IDENTIFIER = "StanfordCourse.Emoji-ArtUITests";
				PRODUCT_NAME = "$(TARGET_NAME)";
				SWIFT_EMIT_LOC_STRINGS = NO;
				SWIFT_VERSION = 5.0;
				TARGETED_DEVICE_FAMILY = "1,2";
				TEST_TARGET_NAME = "Emoji Art";
			};
			name = Debug;
		};
		52EB46FD2C4DA0D300B14BBC /* Release */ = {
			isa = XCBuildConfiguration;
			buildSettings = {
				CODE_SIGN_STYLE = Automatic;
				CURRENT_PROJECT_VERSION = 1;
				GENERATE_INFOPLIST_FILE = YES;
				MARKETING_VERSION = 1.0;
				PRODUCT_BUNDLE_IDENTIFIER = "StanfordCourse.Emoji-ArtUITests";
				PRODUCT_NAME = "$(TARGET_NAME)";
				SWIFT_EMIT_LOC_STRINGS = NO;
				SWIFT_VERSION = 5.0;
				TARGETED_DEVICE_FAMILY = "1,2";
				TEST_TARGET_NAME = "Emoji Art";
			};
			name = Release;
		};
/* End XCBuildConfiguration section */

/* Begin XCConfigurationList section */
		52EB46CC2C4DA0CC00B14BBC /* Build configuration list for PBXProject "Emoji Art" */ = {
			isa = XCConfigurationList;
			buildConfigurations = (
				52EB46F32C4DA0D300B14BBC /* Debug */,
				52EB46F42C4DA0D300B14BBC /* Release */,
			);
			defaultConfigurationIsVisible = 0;
			defaultConfigurationName = Release;
		};
		52EB46F52C4DA0D300B14BBC /* Build configuration list for PBXNativeTarget "Emoji Art" */ = {
			isa = XCConfigurationList;
			buildConfigurations = (
				52EB46F62C4DA0D300B14BBC /* Debug */,
				52EB46F72C4DA0D300B14BBC /* Release */,
			);
			defaultConfigurationIsVisible = 0;
			defaultConfigurationName = Release;
		};
		52EB46F82C4DA0D300B14BBC /* Build configuration list for PBXNativeTarget "Emoji ArtTests" */ = {
			isa = XCConfigurationList;
			buildConfigurations = (
				52EB46F92C4DA0D300B14BBC /* Debug */,
				52EB46FA2C4DA0D300B14BBC /* Release */,
			);
			defaultConfigurationIsVisible = 0;
			defaultConfigurationName = Release;
		};
		52EB46FB2C4DA0D300B14BBC /* Build configuration list for PBXNativeTarget "Emoji ArtUITests" */ = {
			isa = XCConfigurationList;
			buildConfigurations = (
				52EB46FC2C4DA0D300B14BBC /* Debug */,
				52EB46FD2C4DA0D300B14BBC /* Release */,
			);
			defaultConfigurationIsVisible = 0;
			defaultConfigurationName = Release;
		};
/* End XCConfigurationList section */
	};
	rootObject = 52EB46C92C4DA0CC00B14BBC /* Project object */;
}
